
Microsoft Visual Studio Solution File, Format Version 12.00
# Visual Studio Version 17
VisualStudioVersion = 17.14.36414.22 d17.14
MinimumVisualStudioVersion = 10.0.40219.1
Project("{FAE04EC0-301F-11D3-BF4B-00C04F79EFBC}") = "StuManSyst", "StuManSyst\StuManSyst.csproj", "{E0D7DE5F-E3C3-4228-BFD0-16E8D2CABB3F}"
EndProject
Global
	GlobalSection(SolutionConfigurationPlatforms) = preSolution
		Debug|Any CPU = Debug|Any CPU
		Release|Any CPU = Release|Any CPU
	EndGlobalSection
	GlobalSection(ProjectConfigurationPlatforms) = postSolution
		{E0D7DE5F-E3C3-4228-BFD0-16E8D2CABB3F}.Debug|Any CPU.ActiveCfg = Debug|Any CPU
		{E0D7DE5F-E3C3-4228-BFD0-16E8D2CABB3F}.Debug|Any CPU.Build.0 = Debug|Any CPU
		{E0D7DE5F-E3C3-4228-BFD0-16E8D2CABB3F}.Release|Any CPU.ActiveCfg = Release|Any CPU
		{E0D7DE5F-E3C3-4228-BFD0-16E8D2CABB3F}.Release|Any CPU.Build.0 = Release|Any CPU
	EndGlobalSection
	GlobalSection(SolutionProperties) = preSolution
		HideSolutionNode = FALSE
	EndGlobalSection
	GlobalSection(ExtensibilityGlobals) = postSolution
		SolutionGuid = {6E0CF9A1-07EA-4E2E-A9B9-43199AE5C80D}
	EndGlobalSection
EndGlobal
